[{<<"cowboy">>,
  {git,"https://github.com/ninenines/cowboy.git",
       {ref,"03d306e6d172eb272a564aa8626d4554d1046455"}},
  0},
 {<<"cowlib">>,
  {git,"https://github.com/ninenines/cowlib",
       {ref,"1b5539a1da1d39b110d81b118000f00bbedaf4b4"}},
  1},
 {<<"esockd">>,
  {git,"https://github.com/emqx/esockd.git",
       {ref,"f7f450bd913a8f2a5553d910dcb22322fc1ebffb"}},
  0},
 {<<"jiffy">>,
  {git,"https://github.com/davisp/jiffy.git",
       {ref,"6dadc0cd22b06e2b1972ee8aba5708c478418926"}},
  0},
 {<<"ranch">>,
  {git,"https://github.com/ninenines/ranch",
       {ref,"3190aef88aea04d6dce8545fe9b4574288903f44"}},
  1},
 {<<"uuid">>,
  {git,"https://github.com/avtobiff/erlang-uuid.git",
       {ref,"cb02a2039a9b29dd2eef0446039c9c6e164df9ef"}},
  0},
 {<<"worker_pool">>,
  {git,"https://github.com/inaka/worker_pool.git",
       {ref,"5ea7510ecd0318b9f39484fb5fa45bcec3a1c59a"}},
  0}].
